
Microsoft Visual Studio Solution File, Format Version 12.00
# Visual Studio Version 16
VisualStudioVersion = 16.0.31205.134
MinimumVisualStudioVersion = 10.0.40219.1
Project("{9A19103F-16F7-4668-BE54-9A1E7A4F7556}") = "trabalho4_server", "trabalho4_server\trabalho4_server.csproj", "{52D09209-D8C4-43DB-894D-DE0583A2AAC5}"
EndProject
Project("{9A19103F-16F7-4668-BE54-9A1E7A4F7556}") = "trabalho_client1", "trabalho_client1\trabalho_client1.csproj", "{04F7C2D2-3FD4-4B46-AB74-963F76606320}"
EndProject
Project("{FAE04EC0-301F-11D3-BF4B-00C04F79EFBC}") = "trabalho_client2", "trabalho_client2\trabalho_client2.csproj", "{95576540-D2AE-434B-A09E-96FC0C97F065}"
EndProject
Project("{FAE04EC0-301F-11D3-BF4B-00C04F79EFBC}") = "trabalho_client3", "trabalho_client3\trabalho_client3.csproj", "{A59CF484-00B0-4546-9AC5-DF4555ED88BB}"
EndProject
Global
	GlobalSection(SolutionConfigurationPlatforms) = preSolution
		Debug|Any CPU = Debug|Any CPU
		Release|Any CPU = Release|Any CPU
	EndGlobalSection
	GlobalSection(ProjectConfigurationPlatforms) = postSolution
		{52D09209-D8C4-43DB-894D-DE0583A2AAC5}.Debug|Any CPU.ActiveCfg = Debug|Any CPU
		{52D09209-D8C4-43DB-894D-DE0583A2AAC5}.Debug|Any CPU.Build.0 = Debug|Any CPU
		{52D09209-D8C4-43DB-894D-DE0583A2AAC5}.Release|Any CPU.ActiveCfg = Release|Any CPU
		{52D09209-D8C4-43DB-894D-DE0583A2AAC5}.Release|Any CPU.Build.0 = Release|Any CPU
		{04F7C2D2-3FD4-4B46-AB74-963F76606320}.Debug|Any CPU.ActiveCfg = Debug|Any CPU
		{04F7C2D2-3FD4-4B46-AB74-963F76606320}.Debug|Any CPU.Build.0 = Debug|Any CPU
		{04F7C2D2-3FD4-4B46-AB74-963F76606320}.Release|Any CPU.ActiveCfg = Release|Any CPU
		{04F7C2D2-3FD4-4B46-AB74-963F76606320}.Release|Any CPU.Build.0 = Release|Any CPU
		{95576540-D2AE-434B-A09E-96FC0C97F065}.Debug|Any CPU.ActiveCfg = Debug|Any CPU
		{95576540-D2AE-434B-A09E-96FC0C97F065}.Debug|Any CPU.Build.0 = Debug|Any CPU
		{95576540-D2AE-434B-A09E-96FC0C97F065}.Release|Any CPU.ActiveCfg = Release|Any CPU
		{95576540-D2AE-434B-A09E-96FC0C97F065}.Release|Any CPU.Build.0 = Release|Any CPU
		{A59CF484-00B0-4546-9AC5-DF4555ED88BB}.Debug|Any CPU.ActiveCfg = Debug|Any CPU
		{A59CF484-00B0-4546-9AC5-DF4555ED88BB}.Debug|Any CPU.Build.0 = Debug|Any CPU
		{A59CF484-00B0-4546-9AC5-DF4555ED88BB}.Release|Any CPU.ActiveCfg = Release|Any CPU
		{A59CF484-00B0-4546-9AC5-DF4555ED88BB}.Release|Any CPU.Build.0 = Release|Any CPU
	EndGlobalSection
	GlobalSection(SolutionProperties) = preSolution
		HideSolutionNode = FALSE
	EndGlobalSection
	GlobalSection(ExtensibilityGlobals) = postSolution
		SolutionGuid = {211B7611-8163-4FCF-8450-CD2CDF32495C}
	EndGlobalSection
EndGlobal
